
Microsoft Visual Studio Solution File, Format Version 12.00
# Visual Studio 14
VisualStudioVersion = 14.0.25420.1
MinimumVisualStudioVersion = 10.0.40219.1
Project("{8BC9CEB8-8B4A-11D0-8D11-00A0C91BC942}") = "Lab2P3", "Lab2P3\Lab2P3.vcxproj", "{935B4C7D-5FBE-4657-B4BB-AEEBF0034766}"
EndProject
Project("{8BC9CEB8-8B4A-11D0-8D11-00A0C91BC942}") = "Lab2P3-1617", "Lab2P3-1617\Lab2P3-1617.vcxproj", "{A0F50B47-58FF-4683-AB7D-42B75CF115A3}"
EndProject
Project("{8BC9CEB8-8B4A-11D0-8D11-00A0C91BC942}") = "Zadatak 2.11", "Zadatak 2.11\Zadatak 2.11.vcxproj", "{B4898707-26FC-46EE-88C8-0EF74E58B7EF}"
EndProject
Global
	GlobalSection(SolutionConfigurationPlatforms) = preSolution
		Debug|Win32 = Debug|Win32
		Debug|x64 = Debug|x64
		Release|Win32 = Release|Win32
		Release|x64 = Release|x64
	EndGlobalSection
	GlobalSection(ProjectConfigurationPlatforms) = postSolution
		{935B4C7D-5FBE-4657-B4BB-AEEBF0034766}.Debug|Win32.ActiveCfg = Debug|Win32
		{935B4C7D-5FBE-4657-B4BB-AEEBF0034766}.Debug|Win32.Build.0 = Debug|Win32
		{935B4C7D-5FBE-4657-B4BB-AEEBF0034766}.Debug|x64.ActiveCfg = Debug|Win32
		{935B4C7D-5FBE-4657-B4BB-AEEBF0034766}.Release|Win32.ActiveCfg = Release|Win32
		{935B4C7D-5FBE-4657-B4BB-AEEBF0034766}.Release|Win32.Build.0 = Release|Win32
		{935B4C7D-5FBE-4657-B4BB-AEEBF0034766}.Release|x64.ActiveCfg = Release|Win32
		{A0F50B47-58FF-4683-AB7D-42B75CF115A3}.Debug|Win32.ActiveCfg = Debug|Win32
		{A0F50B47-58FF-4683-AB7D-42B75CF115A3}.Debug|Win32.Build.0 = Debug|Win32
		{A0F50B47-58FF-4683-AB7D-42B75CF115A3}.Debug|x64.ActiveCfg = Debug|x64
		{A0F50B47-58FF-4683-AB7D-42B75CF115A3}.Debug|x64.Build.0 = Debug|x64
		{A0F50B47-58FF-4683-AB7D-42B75CF115A3}.Release|Win32.ActiveCfg = Release|Win32
		{A0F50B47-58FF-4683-AB7D-42B75CF115A3}.Release|Win32.Build.0 = Release|Win32
		{A0F50B47-58FF-4683-AB7D-42B75CF115A3}.Release|x64.ActiveCfg = Release|x64
		{A0F50B47-58FF-4683-AB7D-42B75CF115A3}.Release|x64.Build.0 = Release|x64
		{B4898707-26FC-46EE-88C8-0EF74E58B7EF}.Debug|Win32.ActiveCfg = Debug|Win32
		{B4898707-26FC-46EE-88C8-0EF74E58B7EF}.Debug|Win32.Build.0 = Debug|Win32
		{B4898707-26FC-46EE-88C8-0EF74E58B7EF}.Debug|x64.ActiveCfg = Debug|x64
		{B4898707-26FC-46EE-88C8-0EF74E58B7EF}.Debug|x64.Build.0 = Debug|x64
		{B4898707-26FC-46EE-88C8-0EF74E58B7EF}.Release|Win32.ActiveCfg = Release|Win32
		{B4898707-26FC-46EE-88C8-0EF74E58B7EF}.Release|Win32.Build.0 = Release|Win32
		{B4898707-26FC-46EE-88C8-0EF74E58B7EF}.Release|x64.ActiveCfg = Release|x64
		{B4898707-26FC-46EE-88C8-0EF74E58B7EF}.Release|x64.Build.0 = Release|x64
	EndGlobalSection
	GlobalSection(SolutionProperties) = preSolution
		HideSolutionNode = FALSE
	EndGlobalSection
EndGlobal
